
Microsoft Visual Studio Solution File, Format Version 12.00
# Visual Studio Version 17
VisualStudioVersion = 17.1.32228.430
MinimumVisualStudioVersion = 10.0.40219.1
Project("{FAE04EC0-301F-11D3-BF4B-00C04F79EFBC}") = "DataAccess", "DataAccess\DataAccess.csproj", "{BFDC9AFE-EB9F-4385-8C55-4BD0A151AC1D}"
EndProject
Project("{FAE04EC0-301F-11D3-BF4B-00C04F79EFBC}") = "Business", "Business\Business.csproj", "{013D91E8-05BB-4AD4-B6EA-2675A7509D04}"
EndProject
Project("{FAE04EC0-301F-11D3-BF4B-00C04F79EFBC}") = "Entities", "Entities\Entities.csproj", "{75BCF3E3-DEAB-446A-8D86-5FF1A67012B8}"
EndProject
Project("{FAE04EC0-301F-11D3-BF4B-00C04F79EFBC}") = "ConsoleUI", "ConsoleUI\ConsoleUI.csproj", "{F5A55D37-F29B-4910-9DCF-F1C82D3A49AA}"
EndProject
Global
	GlobalSection(SolutionConfigurationPlatforms) = preSolution
		Debug|Any CPU = Debug|Any CPU
		Release|Any CPU = Release|Any CPU
	EndGlobalSection
	GlobalSection(ProjectConfigurationPlatforms) = postSolution
		{BFDC9AFE-EB9F-4385-8C55-4BD0A151AC1D}.Debug|Any CPU.ActiveCfg = Debug|Any CPU
		{BFDC9AFE-EB9F-4385-8C55-4BD0A151AC1D}.Debug|Any CPU.Build.0 = Debug|Any CPU
		{BFDC9AFE-EB9F-4385-8C55-4BD0A151AC1D}.Release|Any CPU.ActiveCfg = Release|Any CPU
		{BFDC9AFE-EB9F-4385-8C55-4BD0A151AC1D}.Release|Any CPU.Build.0 = Release|Any CPU
		{013D91E8-05BB-4AD4-B6EA-2675A7509D04}.Debug|Any CPU.ActiveCfg = Debug|Any CPU
		{013D91E8-05BB-4AD4-B6EA-2675A7509D04}.Debug|Any CPU.Build.0 = Debug|Any CPU
		{013D91E8-05BB-4AD4-B6EA-2675A7509D04}.Release|Any CPU.ActiveCfg = Release|Any CPU
		{013D91E8-05BB-4AD4-B6EA-2675A7509D04}.Release|Any CPU.Build.0 = Release|Any CPU
		{75BCF3E3-DEAB-446A-8D86-5FF1A67012B8}.Debug|Any CPU.ActiveCfg = Debug|Any CPU
		{75BCF3E3-DEAB-446A-8D86-5FF1A67012B8}.Debug|Any CPU.Build.0 = Debug|Any CPU
		{75BCF3E3-DEAB-446A-8D86-5FF1A67012B8}.Release|Any CPU.ActiveCfg = Release|Any CPU
		{75BCF3E3-DEAB-446A-8D86-5FF1A67012B8}.Release|Any CPU.Build.0 = Release|Any CPU
		{F5A55D37-F29B-4910-9DCF-F1C82D3A49AA}.Debug|Any CPU.ActiveCfg = Debug|Any CPU
		{F5A55D37-F29B-4910-9DCF-F1C82D3A49AA}.Debug|Any CPU.Build.0 = Debug|Any CPU
		{F5A55D37-F29B-4910-9DCF-F1C82D3A49AA}.Release|Any CPU.ActiveCfg = Release|Any CPU
		{F5A55D37-F29B-4910-9DCF-F1C82D3A49AA}.Release|Any CPU.Build.0 = Release|Any CPU
	EndGlobalSection
	GlobalSection(SolutionProperties) = preSolution
		HideSolutionNode = FALSE
	EndGlobalSection
	GlobalSection(ExtensibilityGlobals) = postSolution
		SolutionGuid = {5B4322EF-7B9F-4A5D-A219-D1F31523F7D3}
	EndGlobalSection
EndGlobal
